Microsoft Visual Studio Solution File, Format Version 12.00
# Visual Studio Version 17
VisualStudioVersion = 17.5.2.0
MinimumVisualStudioVersion = 10.0.40219.1
Project("{FAE04EC0-301F-11D3-BF4B-00C04F79EFBC}") = "pr_12", "pr_12.csproj", "{0A9426A4-7189-4E09-E9A1-8D293E9F3D08}"
EndProject
Global
	GlobalSection(SolutionConfigurationPlatforms) = preSolution
		Debug|Any CPU = Debug|Any CPU
		Release|Any CPU = Release|Any CPU
	EndGlobalSection
	GlobalSection(ProjectConfigurationPlatforms) = postSolution
		{0A9426A4-7189-4E09-E9A1-8D293E9F3D08}.Debug|Any CPU.ActiveCfg = Debug|Any CPU
		{0A9426A4-7189-4E09-E9A1-8D293E9F3D08}.Debug|Any CPU.Build.0 = Debug|Any CPU
		{0A9426A4-7189-4E09-E9A1-8D293E9F3D08}.Release|Any CPU.ActiveCfg = Release|Any CPU
		{0A9426A4-7189-4E09-E9A1-8D293E9F3D08}.Release|Any CPU.Build.0 = Release|Any CPU
	EndGlobalSection
	GlobalSection(SolutionProperties) = preSolution
		HideSolutionNode = FALSE
	EndGlobalSection
	GlobalSection(ExtensibilityGlobals) = postSolution
		SolutionGuid = {C62CF51E-C5EA-4364-B0C9-5946847568AD}
	EndGlobalSection
EndGlobal
